
Microsoft Visual Studio Solution File, Format Version 12.00
# Visual Studio Version 16
VisualStudioVersion = 16.0.29209.62
MinimumVisualStudioVersion = 10.0.40219.1
Project("{9A19103F-16F7-4668-BE54-9A1E7A4F7556}") = "WebAdmin", "WebAdmin\WebAdmin.csproj", "{DF110E20-35FD-4EDF-948B-3FDBB70D5CA0}"
EndProject
Project("{FAE04EC0-301F-11D3-BF4B-00C04F79EFBC}") = "Logic", "Logic\Logic.csproj", "{52B75357-95B5-46E4-822D-E06D9D662456}"
EndProject
Project("{FAE04EC0-301F-11D3-BF4B-00C04F79EFBC}") = "Entity", "Entity\Entity.csproj", "{A27DB9F5-FE96-4ADD-A808-981E3C92657D}"
EndProject
Project("{FAE04EC0-301F-11D3-BF4B-00C04F79EFBC}") = "Common", "Common\Common.csproj", "{690C351D-3A7D-420E-A30A-1A032032677F}"
EndProject
Global
	GlobalSection(SolutionConfigurationPlatforms) = preSolution
		Debug|Any CPU = Debug|Any CPU
		Release|Any CPU = Release|Any CPU
	EndGlobalSection
	GlobalSection(ProjectConfigurationPlatforms) = postSolution
		{DF110E20-35FD-4EDF-948B-3FDBB70D5CA0}.Debug|Any CPU.ActiveCfg = Debug|Any CPU
		{DF110E20-35FD-4EDF-948B-3FDBB70D5CA0}.Debug|Any CPU.Build.0 = Debug|Any CPU
		{DF110E20-35FD-4EDF-948B-3FDBB70D5CA0}.Release|Any CPU.ActiveCfg = Release|Any CPU
		{DF110E20-35FD-4EDF-948B-3FDBB70D5CA0}.Release|Any CPU.Build.0 = Release|Any CPU
		{52B75357-95B5-46E4-822D-E06D9D662456}.Debug|Any CPU.ActiveCfg = Debug|Any CPU
		{52B75357-95B5-46E4-822D-E06D9D662456}.Debug|Any CPU.Build.0 = Debug|Any CPU
		{52B75357-95B5-46E4-822D-E06D9D662456}.Release|Any CPU.ActiveCfg = Release|Any CPU
		{52B75357-95B5-46E4-822D-E06D9D662456}.Release|Any CPU.Build.0 = Release|Any CPU
		{A27DB9F5-FE96-4ADD-A808-981E3C92657D}.Debug|Any CPU.ActiveCfg = Debug|Any CPU
		{A27DB9F5-FE96-4ADD-A808-981E3C92657D}.Debug|Any CPU.Build.0 = Debug|Any CPU
		{A27DB9F5-FE96-4ADD-A808-981E3C92657D}.Release|Any CPU.ActiveCfg = Release|Any CPU
		{A27DB9F5-FE96-4ADD-A808-981E3C92657D}.Release|Any CPU.Build.0 = Release|Any CPU
		{690C351D-3A7D-420E-A30A-1A032032677F}.Debug|Any CPU.ActiveCfg = Debug|Any CPU
		{690C351D-3A7D-420E-A30A-1A032032677F}.Debug|Any CPU.Build.0 = Debug|Any CPU
		{690C351D-3A7D-420E-A30A-1A032032677F}.Release|Any CPU.ActiveCfg = Release|Any CPU
		{690C351D-3A7D-420E-A30A-1A032032677F}.Release|Any CPU.Build.0 = Release|Any CPU
	EndGlobalSection
	GlobalSection(SolutionProperties) = preSolution
		HideSolutionNode = FALSE
	EndGlobalSection
	GlobalSection(ExtensibilityGlobals) = postSolution
		SolutionGuid = {C1EA277D-BC43-4837-9A86-FDA5186E887B}
	EndGlobalSection
EndGlobal
